
Microsoft Visual Studio Solution File, Format Version 12.00
# Visual Studio 15
VisualStudioVersion = 15.0.27703.2035
MinimumVisualStudioVersion = 10.0.40219.1
Project("{2150E333-8FDC-42A3-9474-1A3956D46DE8}") = "0-Apresentacao", "0-Apresentacao", "{E01C9DDE-CC56-4772-BAD3-18238886A684}"
EndProject
Project("{2150E333-8FDC-42A3-9474-1A3956D46DE8}") = "4-Infraestrutura", "4-Infraestrutura", "{900AAA9C-F367-49BD-9839-BC60892AD51F}"
EndProject
Project("{2150E333-8FDC-42A3-9474-1A3956D46DE8}") = "2-Aplicacao", "2-Aplicacao", "{ACA7AF5B-2E62-44CF-B58E-0E304543D5B1}"
EndProject
Project("{2150E333-8FDC-42A3-9474-1A3956D46DE8}") = "1-Servicos Distribuidos", "1-Servicos Distribuidos", "{68040CD7-D5DA-4B94-B8E0-E34884E81A57}"
EndProject
Project("{2150E333-8FDC-42A3-9474-1A3956D46DE8}") = "3-Dominio", "3-Dominio", "{54C73EEE-5B09-4DD8-89ED-FFD19812C769}"
EndProject
Project("{2150E333-8FDC-42A3-9474-1A3956D46DE8}") = "5-Testes", "5-Testes", "{FFABBA6F-343B-41EA-B4C6-974B1AB0F0A5}"
EndProject
Project("{00D1A9C2-B5F0-4AF3-8072-F6C62B433612}") = "DEAL.ManualMovements.DataTools", "DEAL.DataTools\DEAL_ManualMovements\DEAL.ManualMovements\DEAL.ManualMovements.DataTools.sqlproj", "{6959FFF0-A607-4A15-91F3-87171B27606F}"
EndProject
Project("{2150E333-8FDC-42A3-9474-1A3956D46DE8}") = "4.1-DataTools", "4.1-DataTools", "{C6C0A320-FD2D-497A-9A38-756F8527A44C}"
EndProject
Project("{2150E333-8FDC-42A3-9474-1A3956D46DE8}") = "0-Apresentacao", "0-Apresentacao", "{B7C802B1-1423-4C1D-A0D6-E3ACA12FE94C}"
EndProject
Project("{2150E333-8FDC-42A3-9474-1A3956D46DE8}") = "1-Servicos Distribuidos", "1-Servicos Distribuidos", "{5EFB9CB5-F212-4C22-9FCA-EC58A0529FC3}"
EndProject
Project("{2150E333-8FDC-42A3-9474-1A3956D46DE8}") = "2-Aplicacao", "2-Aplicacao", "{5B12B399-849E-4EFC-8305-6FAE8F49783B}"
EndProject
Project("{2150E333-8FDC-42A3-9474-1A3956D46DE8}") = "3-Dominio", "3-Dominio", "{3431AD02-935D-4FA0-B42D-FDEFC4ADBD0E}"
EndProject
Project("{2150E333-8FDC-42A3-9474-1A3956D46DE8}") = "4-Infraestrutura", "4-Infraestrutura", "{DC36CB09-D3E9-40C3-80F5-CB876025B061}"
EndProject
Project("{2150E333-8FDC-42A3-9474-1A3956D46DE8}") = "1.1-WCF", "1.1-WCF", "{81995957-5C34-486D-859C-3754DBEC676E}"
EndProject
Project("{2150E333-8FDC-42A3-9474-1A3956D46DE8}") = "1.2-Api", "1.2-Api", "{35BBFE55-322C-4CDD-B493-01361BD0B970}"
EndProject
Global
	GlobalSection(SolutionConfigurationPlatforms) = preSolution
		Debug|Any CPU = Debug|Any CPU
		Release|Any CPU = Release|Any CPU
	EndGlobalSection
	GlobalSection(ProjectConfigurationPlatforms) = postSolution
		{6959FFF0-A607-4A15-91F3-87171B27606F}.Debug|Any CPU.ActiveCfg = Debug|Any CPU
		{6959FFF0-A607-4A15-91F3-87171B27606F}.Debug|Any CPU.Build.0 = Debug|Any CPU
		{6959FFF0-A607-4A15-91F3-87171B27606F}.Debug|Any CPU.Deploy.0 = Debug|Any CPU
		{6959FFF0-A607-4A15-91F3-87171B27606F}.Release|Any CPU.ActiveCfg = Release|Any CPU
		{6959FFF0-A607-4A15-91F3-87171B27606F}.Release|Any CPU.Build.0 = Release|Any CPU
		{6959FFF0-A607-4A15-91F3-87171B27606F}.Release|Any CPU.Deploy.0 = Release|Any CPU
	EndGlobalSection
	GlobalSection(SolutionProperties) = preSolution
		HideSolutionNode = FALSE
	EndGlobalSection
	GlobalSection(NestedProjects) = preSolution
		{6959FFF0-A607-4A15-91F3-87171B27606F} = {C6C0A320-FD2D-497A-9A38-756F8527A44C}
		{C6C0A320-FD2D-497A-9A38-756F8527A44C} = {900AAA9C-F367-49BD-9839-BC60892AD51F}
		{B7C802B1-1423-4C1D-A0D6-E3ACA12FE94C} = {FFABBA6F-343B-41EA-B4C6-974B1AB0F0A5}
		{5EFB9CB5-F212-4C22-9FCA-EC58A0529FC3} = {FFABBA6F-343B-41EA-B4C6-974B1AB0F0A5}
		{5B12B399-849E-4EFC-8305-6FAE8F49783B} = {FFABBA6F-343B-41EA-B4C6-974B1AB0F0A5}
		{3431AD02-935D-4FA0-B42D-FDEFC4ADBD0E} = {FFABBA6F-343B-41EA-B4C6-974B1AB0F0A5}
		{DC36CB09-D3E9-40C3-80F5-CB876025B061} = {FFABBA6F-343B-41EA-B4C6-974B1AB0F0A5}
		{81995957-5C34-486D-859C-3754DBEC676E} = {68040CD7-D5DA-4B94-B8E0-E34884E81A57}
		{35BBFE55-322C-4CDD-B493-01361BD0B970} = {68040CD7-D5DA-4B94-B8E0-E34884E81A57}
	EndGlobalSection
	GlobalSection(ExtensibilityGlobals) = postSolution
		SolutionGuid = {4FCB23F9-81FE-4DB6-B53D-9E9946119CB0}
	EndGlobalSection
EndGlobal
